Microsoft Visual Studio Solution File, Format Version 12.00
# Visual Studio Version 17
VisualStudioVersion = 17.5.2.0
MinimumVisualStudioVersion = 10.0.40219.1
Project("{FAE04EC0-301F-11D3-BF4B-00C04F79EFBC}") = "poc_mercadopago", "poc_mercadopago.csproj", "{756FC864-DA40-1D5A-6742-148B3F036CF8}"
EndProject
Global
	GlobalSection(SolutionConfigurationPlatforms) = preSolution
		Debug|Any CPU = Debug|Any CPU
		Release|Any CPU = Release|Any CPU
	EndGlobalSection
	GlobalSection(ProjectConfigurationPlatforms) = postSolution
		{756FC864-DA40-1D5A-6742-148B3F036CF8}.Debug|Any CPU.ActiveCfg = Debug|Any CPU
		{756FC864-DA40-1D5A-6742-148B3F036CF8}.Debug|Any CPU.Build.0 = Debug|Any CPU
		{756FC864-DA40-1D5A-6742-148B3F036CF8}.Release|Any CPU.ActiveCfg = Release|Any CPU
		{756FC864-DA40-1D5A-6742-148B3F036CF8}.Release|Any CPU.Build.0 = Release|Any CPU
	EndGlobalSection
	GlobalSection(SolutionProperties) = preSolution
		HideSolutionNode = FALSE
	EndGlobalSection
	GlobalSection(ExtensibilityGlobals) = postSolution
		SolutionGuid = {3BA79C99-6A98-485C-8DF8-EB0B7542E744}
	EndGlobalSection
EndGlobal
